[[tools."github:karoterra/aviutl2-aulua"]]
version = "0.4.1"
backend = "github:karoterra/aviutl2-aulua"
"platforms.linux-arm64" = { checksum = "sha256:80494ad11998ebbf3773efa2ce2274b39e65083cc1c112b3564ad964dba2729c", url = "https://github.com/karoterra/aviutl2-aulua/releases/download/v0.4.1/aulua-v0.4.1-linux.tar.gz", url_api = "https://api.github.com/repos/karoterra/aviutl2-aulua/releases/assets/364663086"}
"platforms.linux-x64" = { checksum = "sha256:80494ad11998ebbf3773efa2ce2274b39e65083cc1c112b3564ad964dba2729c", url = "https://github.com/karoterra/aviutl2-aulua/releases/download/v0.4.1/aulua-v0.4.1-linux.tar.gz", url_api = "https://api.github.com/repos/karoterra/aviutl2-aulua/releases/assets/364663086"}
"platforms.windows-x64" = { checksum = "sha256:8932e43e3657491310d7ffc80e1fbb8227d91164f217b62c933adde0b202c35b", url = "https://github.com/karoterra/aviutl2-aulua/releases/download/v0.4.1/aulua-v0.4.1-windows.zip", url_api = "https://api.github.com/repos/karoterra/aviutl2-aulua/releases/assets/364663087"}

[[tools."github:sevenc-nanashi/aviutl2-cli"]]
version = "0.7.1"
backend = "github:sevenc-nanashi/aviutl2-cli"
"platforms.linux-arm64" = { checksum = "sha256:79500042b4ca2e8e94964da20762bea441164be6a9d5f32d0a13ec83321efae3", url = "https://github.com/sevenc-nanashi/aviutl2-cli/releases/download/0.7.1/au2-v0.7.1-linux", url_api = "https://api.github.com/repos/sevenc-nanashi/aviutl2-cli/releases/assets/366468309"}
"platforms.linux-x64" = { checksum = "sha256:79500042b4ca2e8e94964da20762bea441164be6a9d5f32d0a13ec83321efae3", url = "https://github.com/sevenc-nanashi/aviutl2-cli/releases/download/0.7.1/au2-v0.7.1-linux", url_api = "https://api.github.com/repos/sevenc-nanashi/aviutl2-cli/releases/assets/366468309"}
"platforms.windows-x64" = { checksum = "sha256:de16e19ced3e34d328183354589d6fb82312c309b46d0196eac397273d550136", url = "https://github.com/sevenc-nanashi/aviutl2-cli/releases/download/0.7.1/au2-v0.7.1-windows.exe", url_api = "https://api.github.com/repos/sevenc-nanashi/aviutl2-cli/releases/assets/366470473"}

[[tools.ruby]]
version = "4.0.1"
backend = "core:ruby"

[[tools.stylua]]
version = "2.3.1"
backend = "aqua:JohnnyMorganz/StyLua"
"platforms.linux-arm64" = { checksum = "sha256:21908eec45ff9666d4ae72825b81faa7fc4119124ed656eb1d470cbf9ed41bc9", url = "https://github.com/JohnnyMorganz/StyLua/releases/download/v2.3.1/stylua-linux-aarch64.zip"}
"platforms.linux-x64" = { checksum = "sha256:1b3ca3f577e584e19a0ad2264a0ab87f4133818e35700a094416ca98251ffb4a", url = "https://github.com/JohnnyMorganz/StyLua/releases/download/v2.3.1/stylua-linux-x86_64-musl.zip"}
"platforms.macos-arm64" = { checksum = "sha256:e212e6c21e76c2b1d0f10f8dcf50ec3b5f03f02da7597e0679f539eb18ba0d53", url = "https://github.com/JohnnyMorganz/StyLua/releases/download/v2.3.1/stylua-macos-aarch64.zip"}
"platforms.macos-x64" = { checksum = "sha256:16f661951bfc984ea6e0157f9495c8192b91f9c2f3b27e6b46db95c315281e92", url = "https://github.com/JohnnyMorganz/StyLua/releases/download/v2.3.1/stylua-macos-x86_64.zip"}
"platforms.windows-x64" = { checksum = "sha256:70fc56d7361c20e858bd9c3b3b643e44dc2e2007b670c816ba7fb032956e3baa", url = "https://github.com/JohnnyMorganz/StyLua/releases/download/v2.3.1/stylua-windows-x86_64.zip"}
