# @generated - this file is auto-generated by `mise lock` https://mise.en.dev/dev-tools/mise-lock.html

[[tools.bun]]
version = "1.3.14"
backend = "core:bun"

[[tools."cargo-prebuilt:cargo-edit"]]
version = "0.13.11"
backend = "cargo-prebuilt"

[[tools."cargo:cargo-about"]]
version = "0.8.4"
backend = "cargo:cargo-about"

[[tools."github:EmbarkStudios/cargo-about"]]
version = "0.9.0"
backend = "github:EmbarkStudios/cargo-about"

[[tools."github:karoterra/aviutl2-aulua"]]
version = "0.9.1"
backend = "github:karoterra/aviutl2-aulua"

[[tools."github:sevenc-nanashi/aviutl2-cli"]]
version = "0.8.3"
backend = "github:sevenc-nanashi/aviutl2-cli"

[[tools."npm:rulesync"]]
version = "8.27.0"
backend = "npm:rulesync"

[[tools.ruby]]
version = "4.0.5"
backend = "core:ruby"

[[tools.stylua]]
version = "2.5.2"
backend = "aqua:JohnnyMorganz/StyLua"
