# @generated - this file is auto-generated by `mise lock` https://mise.en.dev/dev-tools/mise-lock.html

[[tools.bun]]
version = "1.3.14"
backend = "core:bun"

[tools.bun."platforms.linux-arm64"]
checksum = "sha256:a27ffb63a8310375836e0d6f668ae17fa8d8d18b88c37c821c65331973a19a3b"
url = "https://github.com/oven-sh/bun/releases/download/bun-v1.3.14/bun-linux-aarch64.zip"

[tools.bun."platforms.linux-arm64-musl"]
checksum = "sha256:b98e0ad3625c5c00d1d5b5ff55605c7adddbfae151861e68ade57b2d3b8703bb"
url = "https://github.com/oven-sh/bun/releases/download/bun-v1.3.14/bun-linux-aarch64-musl.zip"

[tools.bun."platforms.linux-x64"]
checksum = "sha256:951ee2aee855f08595aeec6225226a298d3fea83a3dcd6465c09cbccdf7e848f"
url = "https://github.com/oven-sh/bun/releases/download/bun-v1.3.14/bun-linux-x64.zip"

[tools.bun."platforms.linux-x64-baseline"]
checksum = "sha256:a063908ae08b7852ca10939bbdc6ceed3ddabce8fb9402dce83d65d73b36e6c7"
url = "https://github.com/oven-sh/bun/releases/download/bun-v1.3.14/bun-linux-x64-baseline.zip"

[tools.bun."platforms.linux-x64-musl"]
checksum = "sha256:14bd9aedeebf1dba67e8def9531c89bc989ecfdf1de42e5bfcaf1b8cd9294719"
url = "https://github.com/oven-sh/bun/releases/download/bun-v1.3.14/bun-linux-x64-musl.zip"

[tools.bun."platforms.linux-x64-musl-baseline"]
checksum = "sha256:56a7d6806cf155536c0178f0ea5fbd098e684fa509ebdb4fc0a7e19fb65382dc"
url = "https://github.com/oven-sh/bun/releases/download/bun-v1.3.14/bun-linux-x64-musl-baseline.zip"

[tools.bun."platforms.macos-arm64"]
checksum = "sha256:d8b96221828ad6f97ac7ac0ab7e95872341af763001e8803e8267652c2652620"
url = "https://github.com/oven-sh/bun/releases/download/bun-v1.3.14/bun-darwin-aarch64.zip"

[tools.bun."platforms.macos-x64"]
checksum = "sha256:4183df3374623e5bab315c547cfa0974533cd457d86b73b639f7a87974cd6633"
url = "https://github.com/oven-sh/bun/releases/download/bun-v1.3.14/bun-darwin-x64.zip"

[tools.bun."platforms.macos-x64-baseline"]
checksum = "sha256:3e35ad6f53971a9834bf9e6786e2adf72b5f1921cc9a9c5fde073d2972944076"
url = "https://github.com/oven-sh/bun/releases/download/bun-v1.3.14/bun-darwin-x64-baseline.zip"

[tools.bun."platforms.windows-x64"]
checksum = "sha256:0a0620930b6675d7ba440e81f4e0e00d3cfbe096c4b140d3fff02205e9e18922"
url = "https://github.com/oven-sh/bun/releases/download/bun-v1.3.14/bun-windows-x64.zip"

[tools.bun."platforms.windows-x64-baseline"]
checksum = "sha256:538f9c846355d9e847b2671bc00c47da4229a0befb24df3282b739770f3b475f"
url = "https://github.com/oven-sh/bun/releases/download/bun-v1.3.14/bun-windows-x64-baseline.zip"

[[tools."cargo-prebuilt:cargo-edit"]]
version = "0.13.11"
backend = "cargo-prebuilt"

[[tools."github:EmbarkStudios/cargo-about"]]
version = "0.9.0"
backend = "github:EmbarkStudios/cargo-about"

[tools."github:EmbarkStudios/cargo-about"."platforms.linux-arm64"]
checksum = "sha256:46b202700ea136066cdaca38180da9ab4e7d7534b3418546de858ae0aee4a1cb"
url = "https://github.com/EmbarkStudios/cargo-about/releases/download/0.9.0/cargo-about-0.9.0-aarch64-unknown-linux-musl.tar.gz"
url_api = "https://api.github.com/repos/EmbarkStudios/cargo-about/releases/assets/404479807"

[tools."github:EmbarkStudios/cargo-about"."platforms.linux-arm64-musl"]
checksum = "sha256:46b202700ea136066cdaca38180da9ab4e7d7534b3418546de858ae0aee4a1cb"
url = "https://github.com/EmbarkStudios/cargo-about/releases/download/0.9.0/cargo-about-0.9.0-aarch64-unknown-linux-musl.tar.gz"
url_api = "https://api.github.com/repos/EmbarkStudios/cargo-about/releases/assets/404479807"

[tools."github:EmbarkStudios/cargo-about"."platforms.linux-x64"]
checksum = "sha256:7a1a1bfb3ae3b6feabe9e1d6147a6b34b85bd0339bfd8b0ec11b312dee10d99a"
url = "https://github.com/EmbarkStudios/cargo-about/releases/download/0.9.0/cargo-about-0.9.0-x86_64-unknown-linux-musl.tar.gz"
url_api = "https://api.github.com/repos/EmbarkStudios/cargo-about/releases/assets/404479739"

[tools."github:EmbarkStudios/cargo-about"."platforms.linux-x64-musl"]
checksum = "sha256:7a1a1bfb3ae3b6feabe9e1d6147a6b34b85bd0339bfd8b0ec11b312dee10d99a"
url = "https://github.com/EmbarkStudios/cargo-about/releases/download/0.9.0/cargo-about-0.9.0-x86_64-unknown-linux-musl.tar.gz"
url_api = "https://api.github.com/repos/EmbarkStudios/cargo-about/releases/assets/404479739"

[tools."github:EmbarkStudios/cargo-about"."platforms.macos-arm64"]
checksum = "sha256:4e1cfc5d58b733f6def1741fc888b435cdb2996da5c2c4547ed36cba191667f6"
url = "https://github.com/EmbarkStudios/cargo-about/releases/download/0.9.0/cargo-about-0.9.0-aarch64-apple-darwin.tar.gz"
url_api = "https://api.github.com/repos/EmbarkStudios/cargo-about/releases/assets/404479394"

[tools."github:EmbarkStudios/cargo-about"."platforms.windows-x64"]
checksum = "sha256:87daca52ad79980b42b2de6acdec84e143be41e2d4bbebedba0d0c90c49b055a"
url = "https://github.com/EmbarkStudios/cargo-about/releases/download/0.9.0/cargo-about-0.9.0-x86_64-pc-windows-msvc.tar.gz"
url_api = "https://api.github.com/repos/EmbarkStudios/cargo-about/releases/assets/404481100"

[[tools."github:karoterra/aviutl2-aulua"]]
version = "0.9.1"
backend = "github:karoterra/aviutl2-aulua"

[tools."github:karoterra/aviutl2-aulua"."platforms.linux-x64"]
checksum = "sha256:6aece3fd7cd9a1dd5eaf86b165e8f95c8d9f314a8a233c7865f380515122cc86"
url = "https://github.com/karoterra/aviutl2-aulua/releases/download/v0.9.1/aulua-v0.9.1-linux-x64.tar.gz"
url_api = "https://api.github.com/repos/karoterra/aviutl2-aulua/releases/assets/416615761"
provenance = "github-attestations"

[tools."github:karoterra/aviutl2-aulua"."platforms.linux-x64-musl"]
checksum = "sha256:6aece3fd7cd9a1dd5eaf86b165e8f95c8d9f314a8a233c7865f380515122cc86"
url = "https://github.com/karoterra/aviutl2-aulua/releases/download/v0.9.1/aulua-v0.9.1-linux-x64.tar.gz"
url_api = "https://api.github.com/repos/karoterra/aviutl2-aulua/releases/assets/416615761"
provenance = "github-attestations"

[tools."github:karoterra/aviutl2-aulua"."platforms.windows-x64"]
checksum = "sha256:dcfcb25f11434598400975fc0ebda27ed0dfc8658636b7b86ff7bde758497f63"
url = "https://github.com/karoterra/aviutl2-aulua/releases/download/v0.9.1/aulua-v0.9.1-windows-x64.zip"
url_api = "https://api.github.com/repos/karoterra/aviutl2-aulua/releases/assets/416615760"
provenance = "github-attestations"

[[tools."github:sevenc-nanashi/aviutl2-cli"]]
version = "0.8.3"
backend = "github:sevenc-nanashi/aviutl2-cli"

[tools."github:sevenc-nanashi/aviutl2-cli"."platforms.linux-arm64"]
checksum = "sha256:df79181610d06f351ba569e142865e0435b3d681541122461b493fe762c7c6c1"
url = "https://github.com/sevenc-nanashi/aviutl2-cli/releases/download/0.8.3/au2-v0.8.3-linux"
url_api = "https://api.github.com/repos/sevenc-nanashi/aviutl2-cli/releases/assets/417421244"

[tools."github:sevenc-nanashi/aviutl2-cli"."platforms.linux-arm64-musl"]
checksum = "sha256:df79181610d06f351ba569e142865e0435b3d681541122461b493fe762c7c6c1"
url = "https://github.com/sevenc-nanashi/aviutl2-cli/releases/download/0.8.3/au2-v0.8.3-linux"
url_api = "https://api.github.com/repos/sevenc-nanashi/aviutl2-cli/releases/assets/417421244"

[tools."github:sevenc-nanashi/aviutl2-cli"."platforms.linux-x64"]
checksum = "sha256:df79181610d06f351ba569e142865e0435b3d681541122461b493fe762c7c6c1"
url = "https://github.com/sevenc-nanashi/aviutl2-cli/releases/download/0.8.3/au2-v0.8.3-linux"
url_api = "https://api.github.com/repos/sevenc-nanashi/aviutl2-cli/releases/assets/417421244"

[tools."github:sevenc-nanashi/aviutl2-cli"."platforms.linux-x64-musl"]
checksum = "sha256:df79181610d06f351ba569e142865e0435b3d681541122461b493fe762c7c6c1"
url = "https://github.com/sevenc-nanashi/aviutl2-cli/releases/download/0.8.3/au2-v0.8.3-linux"
url_api = "https://api.github.com/repos/sevenc-nanashi/aviutl2-cli/releases/assets/417421244"

[tools."github:sevenc-nanashi/aviutl2-cli"."platforms.windows-x64"]
checksum = "sha256:1d8247a7bfe59e3c7cacec893a9427841080d7bf4d702a410338e40483c999c8"
url = "https://github.com/sevenc-nanashi/aviutl2-cli/releases/download/0.8.3/au2-v0.8.3-windows.exe"
url_api = "https://api.github.com/repos/sevenc-nanashi/aviutl2-cli/releases/assets/417421245"

[[tools."npm:rulesync"]]
version = "8.27.0"
backend = "npm:rulesync"

[[tools.ruby]]
version = "4.0.5"
backend = "core:ruby"

[[tools.stylua]]
version = "2.5.2"
backend = "aqua:JohnnyMorganz/StyLua"

[tools.stylua."platforms.linux-arm64"]
checksum = "sha256:0ef2ebf0b7e5a652b65c4cb96c6d9ffb3981a98547de3c764465bbf54a8d761a"
url = "https://github.com/JohnnyMorganz/StyLua/releases/download/v2.5.2/stylua-linux-aarch64.zip"

[tools.stylua."platforms.linux-arm64-musl"]
checksum = "sha256:b948df6b4bae41af9a70948174372f96a3c14d44e3e017288701539f3db8fb75"
url = "https://github.com/JohnnyMorganz/StyLua/releases/download/v2.5.2/stylua-linux-aarch64-musl.zip"

[tools.stylua."platforms.linux-x64"]
checksum = "sha256:ca6f1cf52eaf69e6632b81acef9c197aa24b85eb30d2455a35e7dbe28ae77c72"
url = "https://github.com/JohnnyMorganz/StyLua/releases/download/v2.5.2/stylua-linux-x86_64-musl.zip"

[tools.stylua."platforms.linux-x64-musl"]
checksum = "sha256:ca6f1cf52eaf69e6632b81acef9c197aa24b85eb30d2455a35e7dbe28ae77c72"
url = "https://github.com/JohnnyMorganz/StyLua/releases/download/v2.5.2/stylua-linux-x86_64-musl.zip"

[tools.stylua."platforms.macos-arm64"]
checksum = "sha256:92ff0889e16324801bc072692974bb67f8161e62010fc90f96c62a17f81f32c7"
url = "https://github.com/JohnnyMorganz/StyLua/releases/download/v2.5.2/stylua-macos-aarch64.zip"

[tools.stylua."platforms.macos-x64"]
checksum = "sha256:53c50a1605d0a6345d160a1a5a21db40bcf2bf9cd23c17f7c277a63a1bff3a7f"
url = "https://github.com/JohnnyMorganz/StyLua/releases/download/v2.5.2/stylua-macos-x86_64.zip"

[tools.stylua."platforms.windows-x64"]
checksum = "sha256:e77d0ea1226b8b389b43f702240091249a96eea25857281f90ea24d0eb9eb969"
url = "https://github.com/JohnnyMorganz/StyLua/releases/download/v2.5.2/stylua-windows-x86_64.zip"
